
Microsoft Visual Studio Solution File, Format Version 12.00
# Visual Studio Version 17
VisualStudioVersion = 17.13.35931.197 d17.13
MinimumVisualStudioVersion = 10.0.40219.1
Project("{FAE04EC0-301F-11D3-BF4B-00C04F79EFBC}") = "AgroSansar", "AgroSansar\AgroSansar.csproj", "{1208F71D-7E24-4906-BB3A-551AAFF6D0C6}"
EndProject
Global
	GlobalSection(SolutionConfigurationPlatforms) = preSolution
		Debug|Any CPU = Debug|Any CPU
		Release|Any CPU = Release|Any CPU
	EndGlobalSection
	GlobalSection(ProjectConfigurationPlatforms) = postSolution
		{1208F71D-7E24-4906-BB3A-551AAFF6D0C6}.Debug|Any CPU.ActiveCfg = Debug|Any CPU
		{1208F71D-7E24-4906-BB3A-551AAFF6D0C6}.Debug|Any CPU.Build.0 = Debug|Any CPU
		{1208F71D-7E24-4906-BB3A-551AAFF6D0C6}.Release|Any CPU.ActiveCfg = Release|Any CPU
		{1208F71D-7E24-4906-BB3A-551AAFF6D0C6}.Release|Any CPU.Build.0 = Release|Any CPU
	EndGlobalSection
	GlobalSection(SolutionProperties) = preSolution
		HideSolutionNode = FALSE
	EndGlobalSection
	GlobalSection(ExtensibilityGlobals) = postSolution
		SolutionGuid = {6E347566-84DB-405D-A2B7-A3EFE324D1F1}
	EndGlobalSection
EndGlobal
